
Microsoft Visual Studio Solution File, Format Version 12.00
# Visual Studio Version 16
VisualStudioVersion = 16.0.29911.84
MinimumVisualStudioVersion = 10.0.40219.1
Project("{9A19103F-16F7-4668-BE54-9A1E7A4F7556}") = "MVCMovie", "MVCMovie\MVCMovie.csproj", "{E55A0826-FAD0-4EBF-BF47-E8B6A45CBA91}"
EndProject
Project("{2150E333-8FDC-42A3-9474-1A3956D46DE8}") = "Solution Items", "Solution Items", "{7535EC6F-19FB-40D7-BE9F-A1B92A3F1053}"
	ProjectSection(SolutionItems) = preProject
		.editorconfig = .editorconfig
	EndProjectSection
EndProject
Global
	GlobalSection(SolutionConfigurationPlatforms) = preSolution
		Debug|Any CPU = Debug|Any CPU
		Release|Any CPU = Release|Any CPU
	EndGlobalSection
	GlobalSection(ProjectConfigurationPlatforms) = postSolution
		{E55A0826-FAD0-4EBF-BF47-E8B6A45CBA91}.Debug|Any CPU.ActiveCfg = Debug|Any CPU
		{E55A0826-FAD0-4EBF-BF47-E8B6A45CBA91}.Debug|Any CPU.Build.0 = Debug|Any CPU
		{E55A0826-FAD0-4EBF-BF47-E8B6A45CBA91}.Release|Any CPU.ActiveCfg = Release|Any CPU
		{E55A0826-FAD0-4EBF-BF47-E8B6A45CBA91}.Release|Any CPU.Build.0 = Release|Any CPU
	EndGlobalSection
	GlobalSection(SolutionProperties) = preSolution
		HideSolutionNode = FALSE
	EndGlobalSection
	GlobalSection(ExtensibilityGlobals) = postSolution
		SolutionGuid = {38F9CBDC-2A47-48E2-ABBC-47DE7EA1A309}
	EndGlobalSection
EndGlobal
